
Microsoft Visual Studio Solution File, Format Version 12.00
# Visual Studio Version 17
VisualStudioVersion = 17.0.31903.59
MinimumVisualStudioVersion = 10.0.40219.1
Project("{FAE04EC0-301F-11D3-BF4B-00C04F79EFBC}") = "CountServer", "CountServer\CountServer.csproj", "{AC6ABFC6-4B57-4340-956D-2FE6C81F9286}"
EndProject
Project("{FAE04EC0-301F-11D3-BF4B-00C04F79EFBC}") = "CountServer.Tests", "CountServer.Tests\CountServer.Tests.csproj", "{EB5B6063-CBA8-4C37-8F87-58494CFE6757}"
EndProject
Project("{FAE04EC0-301F-11D3-BF4B-00C04F79EFBC}") = "CountServer.ConsoleApp", "CountServer.ConsoleApp\CountServer.ConsoleApp.csproj", "{B1A28FE3-39F3-4DD4-B90D-17B6ECE725C2}"
EndProject
Global
	GlobalSection(SolutionConfigurationPlatforms) = preSolution
		Debug|Any CPU = Debug|Any CPU
		Debug|x64 = Debug|x64
		Debug|x86 = Debug|x86
		Release|Any CPU = Release|Any CPU
		Release|x64 = Release|x64
		Release|x86 = Release|x86
	EndGlobalSection
	GlobalSection(ProjectConfigurationPlatforms) = postSolution
		{AC6ABFC6-4B57-4340-956D-2FE6C81F9286}.Debug|Any CPU.ActiveCfg = Debug|Any CPU
		{AC6ABFC6-4B57-4340-956D-2FE6C81F9286}.Debug|Any CPU.Build.0 = Debug|Any CPU
		{AC6ABFC6-4B57-4340-956D-2FE6C81F9286}.Debug|x64.ActiveCfg = Debug|Any CPU
		{AC6ABFC6-4B57-4340-956D-2FE6C81F9286}.Debug|x64.Build.0 = Debug|Any CPU
		{AC6ABFC6-4B57-4340-956D-2FE6C81F9286}.Debug|x86.ActiveCfg = Debug|Any CPU
		{AC6ABFC6-4B57-4340-956D-2FE6C81F9286}.Debug|x86.Build.0 = Debug|Any CPU
		{AC6ABFC6-4B57-4340-956D-2FE6C81F9286}.Release|Any CPU.ActiveCfg = Release|Any CPU
		{AC6ABFC6-4B57-4340-956D-2FE6C81F9286}.Release|Any CPU.Build.0 = Release|Any CPU
		{AC6ABFC6-4B57-4340-956D-2FE6C81F9286}.Release|x64.ActiveCfg = Release|Any CPU
		{AC6ABFC6-4B57-4340-956D-2FE6C81F9286}.Release|x64.Build.0 = Release|Any CPU
		{AC6ABFC6-4B57-4340-956D-2FE6C81F9286}.Release|x86.ActiveCfg = Release|Any CPU
		{AC6ABFC6-4B57-4340-956D-2FE6C81F9286}.Release|x86.Build.0 = Release|Any CPU
		{EB5B6063-CBA8-4C37-8F87-58494CFE6757}.Debug|Any CPU.ActiveCfg = Debug|Any CPU
		{EB5B6063-CBA8-4C37-8F87-58494CFE6757}.Debug|Any CPU.Build.0 = Debug|Any CPU
		{EB5B6063-CBA8-4C37-8F87-58494CFE6757}.Debug|x64.ActiveCfg = Debug|Any CPU
		{EB5B6063-CBA8-4C37-8F87-58494CFE6757}.Debug|x64.Build.0 = Debug|Any CPU
		{EB5B6063-CBA8-4C37-8F87-58494CFE6757}.Debug|x86.ActiveCfg = Debug|Any CPU
		{EB5B6063-CBA8-4C37-8F87-58494CFE6757}.Debug|x86.Build.0 = Debug|Any CPU
		{EB5B6063-CBA8-4C37-8F87-58494CFE6757}.Release|Any CPU.ActiveCfg = Release|Any CPU
		{EB5B6063-CBA8-4C37-8F87-58494CFE6757}.Release|Any CPU.Build.0 = Release|Any CPU
		{EB5B6063-CBA8-4C37-8F87-58494CFE6757}.Release|x64.ActiveCfg = Release|Any CPU
		{EB5B6063-CBA8-4C37-8F87-58494CFE6757}.Release|x64.Build.0 = Release|Any CPU
		{EB5B6063-CBA8-4C37-8F87-58494CFE6757}.Release|x86.ActiveCfg = Release|Any CPU
		{EB5B6063-CBA8-4C37-8F87-58494CFE6757}.Release|x86.Build.0 = Release|Any CPU
		{B1A28FE3-39F3-4DD4-B90D-17B6ECE725C2}.Debug|Any CPU.ActiveCfg = Debug|Any CPU
		{B1A28FE3-39F3-4DD4-B90D-17B6ECE725C2}.Debug|Any CPU.Build.0 = Debug|Any CPU
		{B1A28FE3-39F3-4DD4-B90D-17B6ECE725C2}.Debug|x64.ActiveCfg = Debug|Any CPU
		{B1A28FE3-39F3-4DD4-B90D-17B6ECE725C2}.Debug|x64.Build.0 = Debug|Any CPU
		{B1A28FE3-39F3-4DD4-B90D-17B6ECE725C2}.Debug|x86.ActiveCfg = Debug|Any CPU
		{B1A28FE3-39F3-4DD4-B90D-17B6ECE725C2}.Debug|x86.Build.0 = Debug|Any CPU
		{B1A28FE3-39F3-4DD4-B90D-17B6ECE725C2}.Release|Any CPU.ActiveCfg = Release|Any CPU
		{B1A28FE3-39F3-4DD4-B90D-17B6ECE725C2}.Release|Any CPU.Build.0 = Release|Any CPU
		{B1A28FE3-39F3-4DD4-B90D-17B6ECE725C2}.Release|x64.ActiveCfg = Release|Any CPU
		{B1A28FE3-39F3-4DD4-B90D-17B6ECE725C2}.Release|x64.Build.0 = Release|Any CPU
		{B1A28FE3-39F3-4DD4-B90D-17B6ECE725C2}.Release|x86.ActiveCfg = Release|Any CPU
		{B1A28FE3-39F3-4DD4-B90D-17B6ECE725C2}.Release|x86.Build.0 = Release|Any CPU
	EndGlobalSection
	GlobalSection(SolutionProperties) = preSolution
		HideSolutionNode = FALSE
	EndGlobalSection
EndGlobal
